
Microsoft Visual Studio Solution File, Format Version 12.00
# Visual Studio Version 17
VisualStudioVersion = 17.0.32126.317
MinimumVisualStudioVersion = 10.0.40219.1
Project("{2150E333-8FDC-42A3-9474-1A3956D46DE8}") = "Microservices", "Microservices", "{9FA46E24-FC74-4F81-BBDC-E1CCEB729052}"
EndProject
Project("{2150E333-8FDC-42A3-9474-1A3956D46DE8}") = "Domain", "Domain", "{7705695B-423A-43C2-A5C3-D596EAE5E472}"
EndProject
Project("{2150E333-8FDC-42A3-9474-1A3956D46DE8}") = "Infra.Bus", "Infra.Bus", "{9F5C86A3-1E46-4D8F-A48A-07670E279742}"
EndProject
Project("{2150E333-8FDC-42A3-9474-1A3956D46DE8}") = "Infra.IoC", "Infra.IoC", "{8D8FC624-0E17-4400-A37B-D9FC7C7DCEC7}"
EndProject
Project("{2150E333-8FDC-42A3-9474-1A3956D46DE8}") = "Presentation", "Presentation", "{40EE2AA8-2806-459B-83EE-EEC882837082}"
EndProject
Project("{FAE04EC0-301F-11D3-BF4B-00C04F79EFBC}") = "MicroRabbit.Domain.Core", "MicroRabbit.Domain.Core\MicroRabbit.Domain.Core.csproj", "{EBF3DD6A-C246-4543-BA8A-04BD4B1ADCED}"
EndProject
Project("{FAE04EC0-301F-11D3-BF4B-00C04F79EFBC}") = "MicroRabbit.Infra.Bus", "MicroRabbit.Infra.Bus\MicroRabbit.Infra.Bus.csproj", "{88E9EE0B-5AC9-4064-8EBE-F2372D6CCFCA}"
EndProject
Global
	GlobalSection(SolutionConfigurationPlatforms) = preSolution
		Debug|Any CPU = Debug|Any CPU
		Release|Any CPU = Release|Any CPU
	EndGlobalSection
	GlobalSection(ProjectConfigurationPlatforms) = postSolution
		{EBF3DD6A-C246-4543-BA8A-04BD4B1ADCED}.Debug|Any CPU.ActiveCfg = Debug|Any CPU
		{EBF3DD6A-C246-4543-BA8A-04BD4B1ADCED}.Debug|Any CPU.Build.0 = Debug|Any CPU
		{EBF3DD6A-C246-4543-BA8A-04BD4B1ADCED}.Release|Any CPU.ActiveCfg = Release|Any CPU
		{EBF3DD6A-C246-4543-BA8A-04BD4B1ADCED}.Release|Any CPU.Build.0 = Release|Any CPU
		{88E9EE0B-5AC9-4064-8EBE-F2372D6CCFCA}.Debug|Any CPU.ActiveCfg = Debug|Any CPU
		{88E9EE0B-5AC9-4064-8EBE-F2372D6CCFCA}.Debug|Any CPU.Build.0 = Debug|Any CPU
		{88E9EE0B-5AC9-4064-8EBE-F2372D6CCFCA}.Release|Any CPU.ActiveCfg = Release|Any CPU
		{88E9EE0B-5AC9-4064-8EBE-F2372D6CCFCA}.Release|Any CPU.Build.0 = Release|Any CPU
	EndGlobalSection
	GlobalSection(SolutionProperties) = preSolution
		HideSolutionNode = FALSE
	EndGlobalSection
	GlobalSection(NestedProjects) = preSolution
		{EBF3DD6A-C246-4543-BA8A-04BD4B1ADCED} = {7705695B-423A-43C2-A5C3-D596EAE5E472}
		{88E9EE0B-5AC9-4064-8EBE-F2372D6CCFCA} = {9F5C86A3-1E46-4D8F-A48A-07670E279742}
	EndGlobalSection
	GlobalSection(ExtensibilityGlobals) = postSolution
		SolutionGuid = {C4CA9417-A5E9-43C0-9C2A-3A8720CA13E6}
	EndGlobalSection
EndGlobal
